
Microsoft Visual Studio Solution File, Format Version 12.00
# Visual Studio Version 16
VisualStudioVersion = 16.0.29215.179
MinimumVisualStudioVersion = 10.0.40219.1
Project("{FAE04EC0-301F-11D3-BF4B-00C04F79EFBC}") = "ProyectoDeClases", "ProyectoDeClases.csproj", "{DA6A4B87-D1C4-470D-91F3-23EC706A17FA}"
EndProject
Project("{FAE04EC0-301F-11D3-BF4B-00C04F79EFBC}") = "ProyectoInicioWPF", "..\ProyectoInicioWPF\ProyectoInicioWPF.csproj", "{93E3F592-2ADF-40F2-B0D6-9CCF0A9D7B0F}"
EndProject
Project("{FAE04EC0-301F-11D3-BF4B-00C04F79EFBC}") = "ClaseNro3_Wpf", "ClaseNro3_Wpf\ClaseNro3_Wpf.csproj", "{2C9023B2-E963-41D5-BE63-82F8D3B07B91}"
EndProject
Global
	GlobalSection(SolutionConfigurationPlatforms) = preSolution
		Debug|Any CPU = Debug|Any CPU
		Release|Any CPU = Release|Any CPU
	EndGlobalSection
	GlobalSection(ProjectConfigurationPlatforms) = postSolution
		{DA6A4B87-D1C4-470D-91F3-23EC706A17FA}.Debug|Any CPU.ActiveCfg = Debug|Any CPU
		{DA6A4B87-D1C4-470D-91F3-23EC706A17FA}.Debug|Any CPU.Build.0 = Debug|Any CPU
		{DA6A4B87-D1C4-470D-91F3-23EC706A17FA}.Release|Any CPU.ActiveCfg = Release|Any CPU
		{DA6A4B87-D1C4-470D-91F3-23EC706A17FA}.Release|Any CPU.Build.0 = Release|Any CPU
		{93E3F592-2ADF-40F2-B0D6-9CCF0A9D7B0F}.Debug|Any CPU.ActiveCfg = Debug|Any CPU
		{93E3F592-2ADF-40F2-B0D6-9CCF0A9D7B0F}.Debug|Any CPU.Build.0 = Debug|Any CPU
		{93E3F592-2ADF-40F2-B0D6-9CCF0A9D7B0F}.Release|Any CPU.ActiveCfg = Release|Any CPU
		{93E3F592-2ADF-40F2-B0D6-9CCF0A9D7B0F}.Release|Any CPU.Build.0 = Release|Any CPU
		{2C9023B2-E963-41D5-BE63-82F8D3B07B91}.Debug|Any CPU.ActiveCfg = Debug|Any CPU
		{2C9023B2-E963-41D5-BE63-82F8D3B07B91}.Debug|Any CPU.Build.0 = Debug|Any CPU
		{2C9023B2-E963-41D5-BE63-82F8D3B07B91}.Release|Any CPU.ActiveCfg = Release|Any CPU
		{2C9023B2-E963-41D5-BE63-82F8D3B07B91}.Release|Any CPU.Build.0 = Release|Any CPU
	EndGlobalSection
	GlobalSection(SolutionProperties) = preSolution
		HideSolutionNode = FALSE
	EndGlobalSection
	GlobalSection(ExtensibilityGlobals) = postSolution
		SolutionGuid = {61CB8DB2-B099-42F0-A06E-6FC19A3B234A}
	EndGlobalSection
EndGlobal
